
Microsoft Visual Studio Solution File, Format Version 12.00
# Visual Studio Version 17
VisualStudioVersion = 17.11.35222.181
MinimumVisualStudioVersion = 10.0.40219.1
Project("{9A19103F-16F7-4668-BE54-9A1E7A4F7556}") = "PortableFitnessApp", "PortableFitnessApp\PortableFitnessApp.csproj", "{A7255D1D-442A-4296-B45D-FD0166C58AFF}"
EndProject
Project("{FAE04EC0-301F-11D3-BF4B-00C04F79EFBC}") = "DatabaseLayer", "DatabaseLayer\DatabaseLayer.csproj", "{C846582D-371C-47A9-94B1-8E6672FD8ED3}"
EndProject
Project("{FAE04EC0-301F-11D3-BF4B-00C04F79EFBC}") = "ModelLayer", "ModelLayer\ModelLayer.csproj", "{1DE57216-C924-428B-A2F4-02F508330372}"
EndProject
Global
	GlobalSection(SolutionConfigurationPlatforms) = preSolution
		Debug|Any CPU = Debug|Any CPU
		Release|Any CPU = Release|Any CPU
	EndGlobalSection
	GlobalSection(ProjectConfigurationPlatforms) = postSolution
		{A7255D1D-442A-4296-B45D-FD0166C58AFF}.Debug|Any CPU.ActiveCfg = Debug|Any CPU
		{A7255D1D-442A-4296-B45D-FD0166C58AFF}.Debug|Any CPU.Build.0 = Debug|Any CPU
		{A7255D1D-442A-4296-B45D-FD0166C58AFF}.Release|Any CPU.ActiveCfg = Release|Any CPU
		{A7255D1D-442A-4296-B45D-FD0166C58AFF}.Release|Any CPU.Build.0 = Release|Any CPU
		{C846582D-371C-47A9-94B1-8E6672FD8ED3}.Debug|Any CPU.ActiveCfg = Debug|Any CPU
		{C846582D-371C-47A9-94B1-8E6672FD8ED3}.Debug|Any CPU.Build.0 = Debug|Any CPU
		{C846582D-371C-47A9-94B1-8E6672FD8ED3}.Release|Any CPU.ActiveCfg = Release|Any CPU
		{C846582D-371C-47A9-94B1-8E6672FD8ED3}.Release|Any CPU.Build.0 = Release|Any CPU
		{1DE57216-C924-428B-A2F4-02F508330372}.Debug|Any CPU.ActiveCfg = Debug|Any CPU
		{1DE57216-C924-428B-A2F4-02F508330372}.Debug|Any CPU.Build.0 = Debug|Any CPU
		{1DE57216-C924-428B-A2F4-02F508330372}.Release|Any CPU.ActiveCfg = Release|Any CPU
		{1DE57216-C924-428B-A2F4-02F508330372}.Release|Any CPU.Build.0 = Release|Any CPU
	EndGlobalSection
	GlobalSection(SolutionProperties) = preSolution
		HideSolutionNode = FALSE
	EndGlobalSection
	GlobalSection(ExtensibilityGlobals) = postSolution
		SolutionGuid = {4C1E57D7-4C7C-4AFF-B47E-84D0C7BB5FC3}
	EndGlobalSection
EndGlobal
